
Microsoft Visual Studio Solution File, Format Version 12.00
Project("{FAE04EC0-301F-11D3-BF4B-00C04F79EFBC}") = "ExceptionsDebugging", "ExceptionsDebugging\ExceptionsDebugging.csproj", "{8547AB0E-5279-4977-8757-033952C1667E}"
EndProject
Global
	GlobalSection(SolutionConfigurationPlatforms) = preSolution
		Debug|Any CPU = Debug|Any CPU
		Release|Any CPU = Release|Any CPU
	EndGlobalSection
	GlobalSection(ProjectConfigurationPlatforms) = postSolution
		{8547AB0E-5279-4977-8757-033952C1667E}.Debug|Any CPU.ActiveCfg = Debug|Any CPU
		{8547AB0E-5279-4977-8757-033952C1667E}.Debug|Any CPU.Build.0 = Debug|Any CPU
		{8547AB0E-5279-4977-8757-033952C1667E}.Release|Any CPU.ActiveCfg = Release|Any CPU
		{8547AB0E-5279-4977-8757-033952C1667E}.Release|Any CPU.Build.0 = Release|Any CPU
	EndGlobalSection
EndGlobal
