
Microsoft Visual Studio Solution File, Format Version 12.00
Project("{FAE04EC0-301F-11D3-BF4B-00C04F79EFBC}") = "NewVersionsFeatures", "NewVersionsFeatures\NewVersionsFeatures.csproj", "{129993BC-59F5-4595-839C-30C73C8A8266}"
EndProject
Global
	GlobalSection(SolutionConfigurationPlatforms) = preSolution
		Debug|Any CPU = Debug|Any CPU
		Release|Any CPU = Release|Any CPU
	EndGlobalSection
	GlobalSection(ProjectConfigurationPlatforms) = postSolution
		{129993BC-59F5-4595-839C-30C73C8A8266}.Debug|Any CPU.ActiveCfg = Debug|Any CPU
		{129993BC-59F5-4595-839C-30C73C8A8266}.Debug|Any CPU.Build.0 = Debug|Any CPU
		{129993BC-59F5-4595-839C-30C73C8A8266}.Release|Any CPU.ActiveCfg = Release|Any CPU
		{129993BC-59F5-4595-839C-30C73C8A8266}.Release|Any CPU.Build.0 = Release|Any CPU
	EndGlobalSection
EndGlobal
