
Microsoft Visual Studio Solution File, Format Version 12.00
Project("{FAE04EC0-301F-11D3-BF4B-00C04F79EFBC}") = "EncodingDisposalGarbageCollection", "EncodingDisposalGarbageCollection\EncodingDisposalGarbageCollection.csproj", "{3133FB4C-F9B7-4FC0-BBA5-649F43440EA6}"
EndProject
Global
	GlobalSection(SolutionConfigurationPlatforms) = preSolution
		Debug|Any CPU = Debug|Any CPU
		Release|Any CPU = Release|Any CPU
	EndGlobalSection
	GlobalSection(ProjectConfigurationPlatforms) = postSolution
		{3133FB4C-F9B7-4FC0-BBA5-649F43440EA6}.Debug|Any CPU.ActiveCfg = Debug|Any CPU
		{3133FB4C-F9B7-4FC0-BBA5-649F43440EA6}.Debug|Any CPU.Build.0 = Debug|Any CPU
		{3133FB4C-F9B7-4FC0-BBA5-649F43440EA6}.Release|Any CPU.ActiveCfg = Release|Any CPU
		{3133FB4C-F9B7-4FC0-BBA5-649F43440EA6}.Release|Any CPU.Build.0 = Release|Any CPU
	EndGlobalSection
EndGlobal
